
Microsoft Visual Studio Solution File, Format Version 12.00
# Visual Studio Version 17
VisualStudioVersion = 17.4.33213.308
MinimumVisualStudioVersion = 10.0.40219.1
Project("{FAE04EC0-301F-11D3-BF4B-00C04F79EFBC}") = "Brio", "Brio\Brio.csproj", "{E88698DB-603B-4D99-8A46-72BD91094BED}"
EndProject
Global
	GlobalSection(SolutionConfigurationPlatforms) = preSolution
		Debug|Any CPU = Debug|Any CPU
		Release|Any CPU = Release|Any CPU
	EndGlobalSection
	GlobalSection(ProjectConfigurationPlatforms) = postSolution
		{E88698DB-603B-4D99-8A46-72BD91094BED}.Debug|Any CPU.ActiveCfg = Debug|x64
		{E88698DB-603B-4D99-8A46-72BD91094BED}.Debug|Any CPU.Build.0 = Debug|x64
		{E88698DB-603B-4D99-8A46-72BD91094BED}.Release|Any CPU.ActiveCfg = Release|Any CPU
		{E88698DB-603B-4D99-8A46-72BD91094BED}.Release|Any CPU.Build.0 = Release|Any CPU
	EndGlobalSection
	GlobalSection(SolutionProperties) = preSolution
		HideSolutionNode = FALSE
	EndGlobalSection
	GlobalSection(ExtensibilityGlobals) = postSolution
		SolutionGuid = {54ABBAF7-84C3-49B8-A395-FA332263885E}
	EndGlobalSection
EndGlobal
