Microsoft Visual Studio Solution File, Format Version 12.00
# Visual Studio Version 17
VisualStudioVersion = 17.13.35507.96
MinimumVisualStudioVersion = 10.0.40219.1
Project("{FAE04EC0-301F-11D3-BF4B-00C04F79EFBC}") = "BrioTester", "BrioTester\BrioTester.csproj", "{E20A4046-E8C5-BDB1-282C-F2BC3231E687}"
EndProject
Global
	GlobalSection(SolutionConfigurationPlatforms) = preSolution
		Debug|x64 = Debug|x64
		Release|x64 = Release|x64
	EndGlobalSection
	GlobalSection(ProjectConfigurationPlatforms) = postSolution
		{E20A4046-E8C5-BDB1-282C-F2BC3231E687}.Debug|x64.ActiveCfg = Debug|x64
		{E20A4046-E8C5-BDB1-282C-F2BC3231E687}.Debug|x64.Build.0 = Debug|x64
		{E20A4046-E8C5-BDB1-282C-F2BC3231E687}.Release|x64.ActiveCfg = Release|x64
		{E20A4046-E8C5-BDB1-282C-F2BC3231E687}.Release|x64.Build.0 = Release|x64
	EndGlobalSection
	GlobalSection(SolutionProperties) = preSolution
		HideSolutionNode = FALSE
	EndGlobalSection
	GlobalSection(ExtensibilityGlobals) = postSolution
		SolutionGuid = {6A991217-5AC2-4125-AB33-D78DDED973AE}
	EndGlobalSection
EndGlobal
