{
  "version": 1,
  "dependencies": {
    "net9.0-windows7.0": {
      "DalamudPackager": {
        "type": "Direct",
        "requested": "[13.0.0, )",
        "resolved": "13.0.0",
        "contentHash": "Mb3cUDSK/vDPQ8gQIeuCw03EMYrej1B4J44a1AvIJ9C759p9XeqdU9Hg4WgOmlnlPe0G7ILTD32PKSUpkQNa8w=="
      },
      "DotNet.ReproducibleBuilds": {
        "type": "Direct",
        "requested": "[1.2.25, )",
        "resolved": "1.2.25",
        "contentHash": "xCXiw7BCxHJ8pF6wPepRUddlh2dlQlbr81gXA72hdk4FLHkKXas7EH/n+fk5UCA/YfMqG1Z6XaPiUjDbUNBUzg=="
      },
      "EmbedIO": {
        "type": "Direct",
        "requested": "[3.5.2, )",
        "resolved": "3.5.2",
        "contentHash": "YU4j+3XvuO8/VPkNf7KWOF1TpMhnyVhXnPsG1mvnDhTJ9D5BZOFXVDvCpE/SkQ1AJ0Aa+dXOVSW3ntgmLL7aJg==",
        "dependencies": {
          "Unosquare.Swan.Lite": "3.1.0"
        }
      },
      "Glamourer.Api": {
        "type": "Direct",
        "requested": "[2.6.0, )",
        "resolved": "2.6.0",
        "contentHash": "zysCZgNBRm3k3qvibyw/31MmEckX0Uh0ZsT+Sax3ZHnYIRELr9Qhbz3cjJz7u0RHGIrNJiRpktu/LxgHEqDItw=="
      },
      "K4os.Compression.LZ4.Legacy": {
        "type": "Direct",
        "requested": "[1.3.8, )",
        "resolved": "1.3.8",
        "contentHash": "+82CK5zXbGjMnVLm2JJpsSAz3+4CRcMmxUDOmehUh1bDjrmpnc5VHxB14hiV1lXtqe53lNI+O76BQvgWhgI66g==",
        "dependencies": {
          "K4os.Compression.LZ4": "1.3.8"
        }
      },
      "MessagePack": {
        "type": "Direct",
        "requested": "[3.1.4, )",
        "resolved": "3.1.4",
        "contentHash": "BH0wlHWmVoZpbAPyyt2Awbq30C+ZsS3eHSkYdnyUAbqVJ22fAJDzn2xTieBeoT5QlcBzp61vHcv878YJGfi3mg==",
        "dependencies": {
          "MessagePack.Annotations": "3.1.4",
          "MessagePackAnalyzer": "3.1.4",
          "Microsoft.NET.StringTools": "17.11.4"
        }
      },
      "Microsoft.Extensions.DependencyInjection": {
        "type": "Direct",
        "requested": "[9.0.8, )",
        "resolved": "9.0.8",
        "contentHash": "JJjI2Fa+QtZcUyuNjbKn04OjIUX5IgFGFu/Xc+qvzh1rXdZHLcnqqVXhR4093bGirTwacRlHiVg1XYI9xum6QQ==",
        "dependencies": {
          "Microsoft.Extensions.DependencyInjection.Abstractions": "9.0.8"
        }
      },
      "OneOf": {
        "type": "Direct",
        "requested": "[3.0.271, )",
        "resolved": "3.0.271",
        "contentHash": "pqpqeK8xQGggExhr4tesVgJkjdn+9HQAO0QgrYV2hFjE3y90okzk1kQMntMiUOGfV7FrCUfKPaVvPBD4IANqKg=="
      },
      "OneOf.SourceGenerator": {
        "type": "Direct",
        "requested": "[3.0.271, )",
        "resolved": "3.0.271",
        "contentHash": "I7e5kx5prSV99g+rM/xO5KMhwBQL/b+NlUY76RhbutXJ0tgiuMoqgOFnlTHOxCLrlKmwaMzp3VI8oz05PSlcIA=="
      },
      "Penumbra.Api": {
        "type": "Direct",
        "requested": "[5.12.0, )",
        "resolved": "5.12.0",
        "contentHash": "XGWviAZgokj2djpH50FWgM24jOTpKUuDHvd0HwrzBRY6BEMmpb3HfGIl8+BDE/DqbpH63u6aO2TvzUV6BmXT5w=="
      },
      "Penumbra.String": {
        "type": "Direct",
        "requested": "[1.0.5, )",
        "resolved": "1.0.5",
        "contentHash": "+9YRQxwkzW6Ys/hx8vHvTwYV76QMjbf7Puq5SibxVLNzkPLyKLp7qZCKS1SC4yXPJlPB4g80IqxrxCm0yacMFw=="
      },
      "K4os.Compression.LZ4": {
        "type": "Transitive",
        "resolved": "1.3.8",
        "contentHash": "LhwlPa7c1zs1OV2XadMtAWdImjLIsqFJPoRcIWAadSRn0Ri1DepK65UbWLPmt4riLqx2d40xjXRk0ogpqNtK7g=="
      },
      "MessagePack.Annotations": {
        "type": "Transitive",
        "resolved": "3.1.4",
        "contentHash": "aVWrDAkCdqxwQsz/q0ldPh2EFn48M99YUzE9OvZjMq2RNLKz4o2z88iGFvSvbMqOWRweRvKPHBJZe22PRqzslQ=="
      },
      "MessagePackAnalyzer": {
        "type": "Transitive",
        "resolved": "3.1.4",
        "contentHash": "CTaSsN/liJ7MhLCAB7Z4ZLBNuVGCq9lt2BT/cbrc9vzGv89yK3CqIA+z9T19a11eQYl9etZHL6MQJgCqECRVpg=="
      },
      "Microsoft.Extensions.DependencyInjection.Abstractions": {
        "type": "Transitive",
        "resolved": "9.0.8",
        "contentHash": "xY3lTjj4+ZYmiKIkyWitddrp1uL5uYiweQjqo4BKBw01ZC4HhcfgLghDpPZcUlppgWAFqFy9SgkiYWOMx365pw=="
      },
      "Microsoft.NET.StringTools": {
        "type": "Transitive",
        "resolved": "17.11.4",
        "contentHash": "mudqUHhNpeqIdJoUx2YDWZO/I9uEDYVowan89R6wsomfnUJQk6HteoQTlNjZDixhT2B4IXMkMtgZtoceIjLRmA=="
      },
      "System.ValueTuple": {
        "type": "Transitive",
        "resolved": "4.5.0",
        "contentHash": "okurQJO6NRE/apDIP23ajJ0hpiNmJ+f0BwOlB/cSqTLQlw5upkf+5+96+iG2Jw40G1fCVCyPz/FhIABUjMR+RQ=="
      },
      "Unosquare.Swan.Lite": {
        "type": "Transitive",
        "resolved": "3.1.0",
        "contentHash": "X3s5QE/KMj3WAPFqFve7St+Ds10BB50u8kW8PmKIn7FVkn7yEXe9Yxr2htt1WV85DRqfFR0MN/BUNHkGHtL4OQ==",
        "dependencies": {
          "System.ValueTuple": "4.5.0"
        }
      }
    }
  }
}