{
  "version": 1,
  "dependencies": {
    "net10.0-windows7.0": {
      "Blake3": {
        "type": "Direct",
        "requested": "[2.2.1, )",
        "resolved": "2.2.1",
        "contentHash": "HfNW2Iiy4hCaVDVGFEyk0mks+M5HSU3O8O517LyYkI6FFuj2jpvNlag4kGQFDSRmJi4/axgOei8k02NKq/uoDg=="
      },
      "DalamudPackager": {
        "type": "Direct",
        "requested": "[15.0.0, )",
        "resolved": "15.0.0",
        "contentHash": "411vwC8/X8Z/sQ2TI6v3SvOn66xFPeOjFn3Zn+h0d3Ox2t1kFm66AhDvmx/qcMwVrR+Hidxj0dadpQ2dgyXMBQ=="
      },
      "DotNet.ReproducibleBuilds": {
        "type": "Direct",
        "requested": "[2.0.5, )",
        "resolved": "2.0.5",
        "contentHash": "8LrlvI1KpjjJ4VGSqZ16yoOCKlQnYS+Y8rYNifNrscmVh5anJcF9E4e0NiDP30BHBMUbkoJ5KdcxoRWM7Pz9Aw=="
      },
      "EmbedIO": {
        "type": "Direct",
        "requested": "[3.5.2, )",
        "resolved": "3.5.2",
        "contentHash": "YU4j+3XvuO8/VPkNf7KWOF1TpMhnyVhXnPsG1mvnDhTJ9D5BZOFXVDvCpE/SkQ1AJ0Aa+dXOVSW3ntgmLL7aJg==",
        "dependencies": {
          "Unosquare.Swan.Lite": "3.1.0"
        }
      },
      "Glamourer.Api": {
        "type": "Direct",
        "requested": "[2.8.2, )",
        "resolved": "2.8.2",
        "contentHash": "+mEzejUhvJLcpTjv4Hk6ap22WiEPyEa9wg1EECFwDJim1B+fKy3l4iWlvjaoEFlfp+nB67BZp8KBiHclsEBQQw=="
      },
      "K4os.Compression.LZ4.Legacy": {
        "type": "Direct",
        "requested": "[1.3.8, )",
        "resolved": "1.3.8",
        "contentHash": "+82CK5zXbGjMnVLm2JJpsSAz3+4CRcMmxUDOmehUh1bDjrmpnc5VHxB14hiV1lXtqe53lNI+O76BQvgWhgI66g==",
        "dependencies": {
          "K4os.Compression.LZ4": "1.3.8"
        }
      },
      "LuminaSupplemental.Excel": {
        "type": "Direct",
        "requested": "[5.0.0, )",
        "resolved": "5.0.0",
        "contentHash": "TAHch564Epy0JVb8saFo4GJSOGiTfJneh5Ny+8D18lBBNXLrCMwRsAeReYQMyfs+ETQ99+IOb6zo4MPTNL5hCQ==",
        "dependencies": {
          "CSVFile": "3.2.1",
          "CsvHelper": "30.0.1",
          "Sylvan.Data.Csv": "1.4.3"
        }
      },
      "MessagePack": {
        "type": "Direct",
        "requested": "[3.1.7, )",
        "resolved": "3.1.7",
        "contentHash": "gXpifaxbhfBqh8bVToQn9j+OgCnhXWMbRCV7RQIbCVa9CNJG1fY6oHAYYl+ER3Tb9uUIHiQ5QbGiGwwFhoagbA==",
        "dependencies": {
          "MessagePack.Annotations": "3.1.7",
          "MessagePackAnalyzer": "3.1.7",
          "Microsoft.NET.StringTools": "17.11.4"
        }
      },
      "Microsoft.Extensions.DependencyInjection": {
        "type": "Direct",
        "requested": "[10.0.9, )",
        "resolved": "10.0.9",
        "contentHash": "NijozhERJDIaJ4k5TSMy1jOi0cSC2HfkvRD/Sl+kGSSKgVbFnF4GxgtMN/MrzHB8D1JxIrD4xSer9Blh9v3axQ==",
        "dependencies": {
          "Microsoft.Extensions.DependencyInjection.Abstractions": "10.0.9"
        }
      },
      "OneOf": {
        "type": "Direct",
        "requested": "[3.0.271, )",
        "resolved": "3.0.271",
        "contentHash": "pqpqeK8xQGggExhr4tesVgJkjdn+9HQAO0QgrYV2hFjE3y90okzk1kQMntMiUOGfV7FrCUfKPaVvPBD4IANqKg=="
      },
      "OneOf.SourceGenerator": {
        "type": "Direct",
        "requested": "[3.0.271, )",
        "resolved": "3.0.271",
        "contentHash": "I7e5kx5prSV99g+rM/xO5KMhwBQL/b+NlUY76RhbutXJ0tgiuMoqgOFnlTHOxCLrlKmwaMzp3VI8oz05PSlcIA=="
      },
      "Penumbra.Api": {
        "type": "Direct",
        "requested": "[5.15.1, )",
        "resolved": "5.15.1",
        "contentHash": "3ikk0zIOaLm2n3nZRQpW3xaRQ2cq/TOOEApNUjYXolqbyvCrZVGXhdQulcssNUbo0AMQ81l+cf7OfqRceeRBcg=="
      },
      "SharpYaml": {
        "type": "Direct",
        "requested": "[3.11.0, )",
        "resolved": "3.11.0",
        "contentHash": "ZBBJCYhV+likEtHnQJ1HSh6eRLu5DEe/IDvYDmMpr2jbqic50q888HNkJKIiBCfPZWculhZ0vmxaJadnJ2qs7A=="
      },
      "System.IO.Hashing": {
        "type": "Direct",
        "requested": "[10.0.9, )",
        "resolved": "10.0.9",
        "contentHash": "vixglGnKEexAJDeIRhyayZYzxyrgK1K9GU3K/zRZVwDbaDcMkSqj4WDHoVmQMNfsdUtLALfNSJw6mBIpdxie4A=="
      },
      "CSVFile": {
        "type": "Transitive",
        "resolved": "3.2.1",
        "contentHash": "hXWPP7BGA8DS+UxdDEjAsLPdo6OUiCdaCiprxuRxpTy3nwI9DqwNWxaC5imfyD3kCb9/S2mW35s7f08uaokTUA=="
      },
      "CsvHelper": {
        "type": "Transitive",
        "resolved": "30.0.1",
        "contentHash": "rcZtgbWR+As4G3Vpgx0AMNmShGuQLFjkHAPIIflzrfkJCx8/AOd4m96ZRmiU1Wi39qS5UVjV0P8qdgqOo5Cwyg=="
      },
      "K4os.Compression.LZ4": {
        "type": "Transitive",
        "resolved": "1.3.8",
        "contentHash": "LhwlPa7c1zs1OV2XadMtAWdImjLIsqFJPoRcIWAadSRn0Ri1DepK65UbWLPmt4riLqx2d40xjXRk0ogpqNtK7g=="
      },
      "MessagePack.Annotations": {
        "type": "Transitive",
        "resolved": "3.1.7",
        "contentHash": "IW1yX9viarFl/Dsio5G+pM90JkOSW4xhAiJcKxPPF5rzyp2/yCpieWju8G99QLEmaQeze2uQMEskUBA59YZmkw=="
      },
      "MessagePackAnalyzer": {
        "type": "Transitive",
        "resolved": "3.1.7",
        "contentHash": "ZF+OOJTRS7Ogzb4gG36hPKVQk3kEbp6kkUcdRjhddDq/uSGcV4BKIdYiyJipExXyE/zsqYb0ic215O9kI+fjPA=="
      },
      "Microsoft.Extensions.DependencyInjection.Abstractions": {
        "type": "Transitive",
        "resolved": "10.0.9",
        "contentHash": "g41l/30G3K4B/d/L8kjux0+30e27c8D0FVQ/PFCpbekgfDpj9mnDhieP67EqXWvl1EWNeZh2rpR4F5B/jcDOHA=="
      },
      "Microsoft.NET.StringTools": {
        "type": "Transitive",
        "resolved": "17.11.4",
        "contentHash": "mudqUHhNpeqIdJoUx2YDWZO/I9uEDYVowan89R6wsomfnUJQk6HteoQTlNjZDixhT2B4IXMkMtgZtoceIjLRmA=="
      },
      "Sylvan.Data.Csv": {
        "type": "Transitive",
        "resolved": "1.4.3",
        "contentHash": "ZUFTqs5doO9aGrR2g0tjASSfxaMUnsxRBXCYFvDRn74XfIc0PUZ0FYRbI3Yu/4W/IFc/DBKH30OOeZ2xGqGyFQ=="
      },
      "Unosquare.Swan.Lite": {
        "type": "Transitive",
        "resolved": "3.1.0",
        "contentHash": "X3s5QE/KMj3WAPFqFve7St+Ds10BB50u8kW8PmKIn7FVkn7yEXe9Yxr2htt1WV85DRqfFR0MN/BUNHkGHtL4OQ=="
      },
      "brio.api": {
        "type": "Project"
      }
    }
  }
}